
Microsoft Visual Studio Solution File, Format Version 12.00
# Visual Studio 15
Project("{FAE04EC0-301F-11D3-BF4B-00C04F79EFBC}") = "UnityEngine.TestRunner", "UnityEngine.TestRunner.csproj", "{BAD890C6-4AC4-7515-66E0-E14F62EAA905}"
EndProject
Project("{FAE04EC0-301F-11D3-BF4B-00C04F79EFBC}") = "Unity.VisualScripting.Flow", "Unity.VisualScripting.Flow.csproj", "{20698ED6-FF62-8FEB-9F9E-F3A2908D2343}"
EndProject
Project("{FAE04EC0-301F-11D3-BF4B-00C04F79EFBC}") = "Unity.InputSystem", "Unity.InputSystem.csproj", "{8FB09507-6372-33C3-F7A2-17C1102CE909}"
EndProject
Project("{FAE04EC0-301F-11D3-BF4B-00C04F79EFBC}") = "Unity.VisualScripting.State", "Unity.VisualScripting.State.csproj", "{B10BCECB-FE04-1DD5-0404-6299B1DA502F}"
EndProject
Project("{FAE04EC0-301F-11D3-BF4B-00C04F79EFBC}") = "Unity.VisualScripting.Core", "Unity.VisualScripting.Core.csproj", "{D9F03091-EBF9-2CDD-1307-AB72131DE750}"
EndProject
Project("{FAE04EC0-301F-11D3-BF4B-00C04F79EFBC}") = "Unity.TextMeshPro", "Unity.TextMeshPro.csproj", "{35221136-852A-763E-AD1A-3F6420061924}"
EndProject
Project("{FAE04EC0-301F-11D3-BF4B-00C04F79EFBC}") = "Cinemachine", "Cinemachine.csproj", "{4CD93996-6075-A5D6-B32D-D981106DD0AB}"
EndProject
Project("{FAE04EC0-301F-11D3-BF4B-00C04F79EFBC}") = "Unity.Timeline", "Unity.Timeline.csproj", "{06F7EA7B-53AA-E382-F357-462149FC2F56}"
EndProject
Project("{FAE04EC0-301F-11D3-BF4B-00C04F79EFBC}") = "Assembly-CSharp", "Assembly-CSharp.csproj", "{79457C77-0F75-C2C8-3E2B-3CE61FAC67BC}"
EndProject
Project("{FAE04EC0-301F-11D3-BF4B-00C04F79EFBC}") = "Unity.InputSystem.TestFramework", "Unity.InputSystem.TestFramework.csproj", "{58B97834-88AE-27F8-B08F-8C7683390A7C}"
EndProject
Project("{FAE04EC0-301F-11D3-BF4B-00C04F79EFBC}") = "Unity.PlasticSCM.Editor", "Unity.PlasticSCM.Editor.csproj", "{A8FA8067-6E8F-0A82-7406-E6D28EBC76D5}"
EndProject
Project("{FAE04EC0-301F-11D3-BF4B-00C04F79EFBC}") = "Unity.VisualScripting.Core.Editor", "Unity.VisualScripting.Core.Editor.csproj", "{1317D1FB-51AF-4487-4266-DB25D0BAD5AD}"
EndProject
Project("{FAE04EC0-301F-11D3-BF4B-00C04F79EFBC}") = "Unity.VisualScripting.Flow.Editor", "Unity.VisualScripting.Flow.Editor.csproj", "{4A57E8F2-CF5C-292E-30E7-78B5B0122227}"
EndProject
Project("{FAE04EC0-301F-11D3-BF4B-00C04F79EFBC}") = "Unity.VisualStudio.Editor", "Unity.VisualStudio.Editor.csproj", "{3FAC5C51-4093-8DDD-A9E0-2A40565A740A}"
EndProject
Project("{FAE04EC0-301F-11D3-BF4B-00C04F79EFBC}") = "Unity.Timeline.Editor", "Unity.Timeline.Editor.csproj", "{183BC18B-B075-8639-E0BA-C7C2652D4FE1}"
EndProject
Project("{FAE04EC0-301F-11D3-BF4B-00C04F79EFBC}") = "com.unity.cinemachine.editor", "com.unity.cinemachine.editor.csproj", "{F1B9C92A-433B-7073-B273-14DADD5A3D6B}"
EndProject
Project("{FAE04EC0-301F-11D3-BF4B-00C04F79EFBC}") = "Unity.VisualScripting.State.Editor", "Unity.VisualScripting.State.Editor.csproj", "{7B43F779-3CB5-F93B-6DBC-F27CCE968C88}"
EndProject
Project("{FAE04EC0-301F-11D3-BF4B-00C04F79EFBC}") = "Unity.TextMeshPro.Editor", "Unity.TextMeshPro.Editor.csproj", "{20353611-D0ED-928A-08BF-F8FDF1D14163}"
EndProject
Project("{FAE04EC0-301F-11D3-BF4B-00C04F79EFBC}") = "Assembly-CSharp-Editor", "Assembly-CSharp-Editor.csproj", "{FD0DDF47-1D46-9398-C35D-7884A423ACE0}"
EndProject
Project("{FAE04EC0-301F-11D3-BF4B-00C04F79EFBC}") = "Unity.VisualScripting.SettingsProvider.Editor", "Unity.VisualScripting.SettingsProvider.Editor.csproj", "{3DDEAA72-1E6D-557D-B0E9-6316D1CE4C9B}"
EndProject
Project("{FAE04EC0-301F-11D3-BF4B-00C04F79EFBC}") = "UnityEditor.TestRunner", "UnityEditor.TestRunner.csproj", "{22E51D74-8317-E093-BB98-D5D4E65F0D67}"
EndProject
Project("{FAE04EC0-301F-11D3-BF4B-00C04F79EFBC}") = "Unity.TestTools.CodeCoverage.Editor", "Unity.TestTools.CodeCoverage.Editor.csproj", "{719C6A5F-C352-754D-A581-20BB3001E735}"
EndProject
Project("{FAE04EC0-301F-11D3-BF4B-00C04F79EFBC}") = "Unity.Rider.Editor", "Unity.Rider.Editor.csproj", "{C848E2B9-94FF-FB67-F519-CA55AEAF1CCF}"
EndProject
Project("{FAE04EC0-301F-11D3-BF4B-00C04F79EFBC}") = "Unity.Performance.Profile-Analyzer.Editor", "Unity.Performance.Profile-Analyzer.Editor.csproj", "{F2D1A3F5-1E23-C5E6-BE39-38EE9E33D03C}"
EndProject
Project("{FAE04EC0-301F-11D3-BF4B-00C04F79EFBC}") = "Unity.VSCode.Editor", "Unity.VSCode.Editor.csproj", "{4B48EB72-3348-A5D3-6AF7-8C0588377F59}"
EndProject
Project("{FAE04EC0-301F-11D3-BF4B-00C04F79EFBC}") = "Unity.TestTools.CodeCoverage.Editor.OpenCover.Model", "Unity.TestTools.CodeCoverage.Editor.OpenCover.Model.csproj", "{D2EA547F-EA54-049F-B79D-B48D634DF05F}"
EndProject
Project("{FAE04EC0-301F-11D3-BF4B-00C04F79EFBC}") = "Unity.EditorCoroutines.Editor", "Unity.EditorCoroutines.Editor.csproj", "{22911620-BEC2-56D3-EAEE-F6B805BBAEBD}"
EndProject
Project("{FAE04EC0-301F-11D3-BF4B-00C04F79EFBC}") = "Unity.Settings.Editor", "Unity.Settings.Editor.csproj", "{5B327286-4F50-BBD2-CBB4-C35FB7F78A12}"
EndProject
Project("{FAE04EC0-301F-11D3-BF4B-00C04F79EFBC}") = "Unity.CollabProxy.Editor", "Unity.CollabProxy.Editor.csproj", "{54BD9704-7F1B-272A-6204-47E818E54106}"
EndProject
Project("{FAE04EC0-301F-11D3-BF4B-00C04F79EFBC}") = "Unity.TestTools.CodeCoverage.Editor.OpenCover.Mono.Reflection", "Unity.TestTools.CodeCoverage.Editor.OpenCover.Mono.Reflection.csproj", "{AAF586DB-9CE5-63F8-E6DE-9A400DA3AC10}"
EndProject
Project("{FAE04EC0-301F-11D3-BF4B-00C04F79EFBC}") = "Unity.VisualScripting.Shared.Editor", "Unity.VisualScripting.Shared.Editor.csproj", "{3BE6BD7D-C329-980A-1EE1-1C4A33DE36BB}"
EndProject
Global
	GlobalSection(SolutionConfigurationPlatforms) = preSolution
		Debug|Any CPU = Debug|Any CPU
		Release|Any CPU = Release|Any CPU
	EndGlobalSection
	GlobalSection(ProjectConfigurationPlatforms) = postSolution
		{BAD890C6-4AC4-7515-66E0-E14F62EAA905}.Debug|Any CPU.ActiveCfg = Debug|Any CPU
		{BAD890C6-4AC4-7515-66E0-E14F62EAA905}.Debug|Any CPU.Build.0 = Debug|Any CPU
		{BAD890C6-4AC4-7515-66E0-E14F62EAA905}.Release|Any CPU.ActiveCfg = Release|Any CPU
		{BAD890C6-4AC4-7515-66E0-E14F62EAA905}.Release|Any CPU.Build.0 = Release|Any CPU
		{20698ED6-FF62-8FEB-9F9E-F3A2908D2343}.Debug|Any CPU.ActiveCfg = Debug|Any CPU
		{20698ED6-FF62-8FEB-9F9E-F3A2908D2343}.Debug|Any CPU.Build.0 = Debug|Any CPU
		{20698ED6-FF62-8FEB-9F9E-F3A2908D2343}.Release|Any CPU.ActiveCfg = Release|Any CPU
		{20698ED6-FF62-8FEB-9F9E-F3A2908D2343}.Release|Any CPU.Build.0 = Release|Any CPU
		{8FB09507-6372-33C3-F7A2-17C1102CE909}.Debug|Any CPU.ActiveCfg = Debug|Any CPU
		{8FB09507-6372-33C3-F7A2-17C1102CE909}.Debug|Any CPU.Build.0 = Debug|Any CPU
		{8FB09507-6372-33C3-F7A2-17C1102CE909}.Release|Any CPU.ActiveCfg = Release|Any CPU
		{8FB09507-6372-33C3-F7A2-17C1102CE909}.Release|Any CPU.Build.0 = Release|Any CPU
		{B10BCECB-FE04-1DD5-0404-6299B1DA502F}.Debug|Any CPU.ActiveCfg = Debug|Any CPU
		{B10BCECB-FE04-1DD5-0404-6299B1DA502F}.Debug|Any CPU.Build.0 = Debug|Any CPU
		{B10BCECB-FE04-1DD5-0404-6299B1DA502F}.Release|Any CPU.ActiveCfg = Release|Any CPU
		{B10BCECB-FE04-1DD5-0404-6299B1DA502F}.Release|Any CPU.Build.0 = Release|Any CPU
		{D9F03091-EBF9-2CDD-1307-AB72131DE750}.Debug|Any CPU.ActiveCfg = Debug|Any CPU
		{D9F03091-EBF9-2CDD-1307-AB72131DE750}.Debug|Any CPU.Build.0 = Debug|Any CPU
		{D9F03091-EBF9-2CDD-1307-AB72131DE750}.Release|Any CPU.ActiveCfg = Release|Any CPU
		{D9F03091-EBF9-2CDD-1307-AB72131DE750}.Release|Any CPU.Build.0 = Release|Any CPU
		{35221136-852A-763E-AD1A-3F6420061924}.Debug|Any CPU.ActiveCfg = Debug|Any CPU
		{35221136-852A-763E-AD1A-3F6420061924}.Debug|Any CPU.Build.0 = Debug|Any CPU
		{35221136-852A-763E-AD1A-3F6420061924}.Release|Any CPU.ActiveCfg = Release|Any CPU
		{35221136-852A-763E-AD1A-3F6420061924}.Release|Any CPU.Build.0 = Release|Any CPU
		{4CD93996-6075-A5D6-B32D-D981106DD0AB}.Debug|Any CPU.ActiveCfg = Debug|Any CPU
		{4CD93996-6075-A5D6-B32D-D981106DD0AB}.Debug|Any CPU.Build.0 = Debug|Any CPU
		{4CD93996-6075-A5D6-B32D-D981106DD0AB}.Release|Any CPU.ActiveCfg = Release|Any CPU
		{4CD93996-6075-A5D6-B32D-D981106DD0AB}.Release|Any CPU.Build.0 = Release|Any CPU
		{06F7EA7B-53AA-E382-F357-462149FC2F56}.Debug|Any CPU.ActiveCfg = Debug|Any CPU
		{06F7EA7B-53AA-E382-F357-462149FC2F56}.Debug|Any CPU.Build.0 = Debug|Any CPU
		{06F7EA7B-53AA-E382-F357-462149FC2F56}.Release|Any CPU.ActiveCfg = Release|Any CPU
		{06F7EA7B-53AA-E382-F357-462149FC2F56}.Release|Any CPU.Build.0 = Release|Any CPU
		{79457C77-0F75-C2C8-3E2B-3CE61FAC67BC}.Debug|Any CPU.ActiveCfg = Debug|Any CPU
		{79457C77-0F75-C2C8-3E2B-3CE61FAC67BC}.Debug|Any CPU.Build.0 = Debug|Any CPU
		{79457C77-0F75-C2C8-3E2B-3CE61FAC67BC}.Release|Any CPU.ActiveCfg = Release|Any CPU
		{79457C77-0F75-C2C8-3E2B-3CE61FAC67BC}.Release|Any CPU.Build.0 = Release|Any CPU
		{58B97834-88AE-27F8-B08F-8C7683390A7C}.Debug|Any CPU.ActiveCfg = Debug|Any CPU
		{58B97834-88AE-27F8-B08F-8C7683390A7C}.Debug|Any CPU.Build.0 = Debug|Any CPU
		{58B97834-88AE-27F8-B08F-8C7683390A7C}.Release|Any CPU.ActiveCfg = Release|Any CPU
		{58B97834-88AE-27F8-B08F-8C7683390A7C}.Release|Any CPU.Build.0 = Release|Any CPU
		{A8FA8067-6E8F-0A82-7406-E6D28EBC76D5}.Debug|Any CPU.ActiveCfg = Debug|Any CPU
		{A8FA8067-6E8F-0A82-7406-E6D28EBC76D5}.Debug|Any CPU.Build.0 = Debug|Any CPU
		{A8FA8067-6E8F-0A82-7406-E6D28EBC76D5}.Release|Any CPU.ActiveCfg = Release|Any CPU
		{A8FA8067-6E8F-0A82-7406-E6D28EBC76D5}.Release|Any CPU.Build.0 = Release|Any CPU
		{1317D1FB-51AF-4487-4266-DB25D0BAD5AD}.Debug|Any CPU.ActiveCfg = Debug|Any CPU
		{1317D1FB-51AF-4487-4266-DB25D0BAD5AD}.Debug|Any CPU.Build.0 = Debug|Any CPU
		{1317D1FB-51AF-4487-4266-DB25D0BAD5AD}.Release|Any CPU.ActiveCfg = Release|Any CPU
		{1317D1FB-51AF-4487-4266-DB25D0BAD5AD}.Release|Any CPU.Build.0 = Release|Any CPU
		{4A57E8F2-CF5C-292E-30E7-78B5B0122227}.Debug|Any CPU.ActiveCfg = Debug|Any CPU
		{4A57E8F2-CF5C-292E-30E7-78B5B0122227}.Debug|Any CPU.Build.0 = Debug|Any CPU
		{4A57E8F2-CF5C-292E-30E7-78B5B0122227}.Release|Any CPU.ActiveCfg = Release|Any CPU
		{4A57E8F2-CF5C-292E-30E7-78B5B0122227}.Release|Any CPU.Build.0 = Release|Any CPU
		{3FAC5C51-4093-8DDD-A9E0-2A40565A740A}.Debug|Any CPU.ActiveCfg = Debug|Any CPU
		{3FAC5C51-4093-8DDD-A9E0-2A40565A740A}.Debug|Any CPU.Build.0 = Debug|Any CPU
		{3FAC5C51-4093-8DDD-A9E0-2A40565A740A}.Release|Any CPU.ActiveCfg = Release|Any CPU
		{3FAC5C51-4093-8DDD-A9E0-2A40565A740A}.Release|Any CPU.Build.0 = Release|Any CPU
		{183BC18B-B075-8639-E0BA-C7C2652D4FE1}.Debug|Any CPU.ActiveCfg = Debug|Any CPU
		{183BC18B-B075-8639-E0BA-C7C2652D4FE1}.Debug|Any CPU.Build.0 = Debug|Any CPU
		{183BC18B-B075-8639-E0BA-C7C2652D4FE1}.Release|Any CPU.ActiveCfg = Release|Any CPU
		{183BC18B-B075-8639-E0BA-C7C2652D4FE1}.Release|Any CPU.Build.0 = Release|Any CPU
		{F1B9C92A-433B-7073-B273-14DADD5A3D6B}.Debug|Any CPU.ActiveCfg = Debug|Any CPU
		{F1B9C92A-433B-7073-B273-14DADD5A3D6B}.Debug|Any CPU.Build.0 = Debug|Any CPU
		{F1B9C92A-433B-7073-B273-14DADD5A3D6B}.Release|Any CPU.ActiveCfg = Release|Any CPU
		{F1B9C92A-433B-7073-B273-14DADD5A3D6B}.Release|Any CPU.Build.0 = Release|Any CPU
		{7B43F779-3CB5-F93B-6DBC-F27CCE968C88}.Debug|Any CPU.ActiveCfg = Debug|Any CPU
		{7B43F779-3CB5-F93B-6DBC-F27CCE968C88}.Debug|Any CPU.Build.0 = Debug|Any CPU
		{7B43F779-3CB5-F93B-6DBC-F27CCE968C88}.Release|Any CPU.ActiveCfg = Release|Any CPU
		{7B43F779-3CB5-F93B-6DBC-F27CCE968C88}.Release|Any CPU.Build.0 = Release|Any CPU
		{20353611-D0ED-928A-08BF-F8FDF1D14163}.Debug|Any CPU.ActiveCfg = Debug|Any CPU
		{20353611-D0ED-928A-08BF-F8FDF1D14163}.Debug|Any CPU.Build.0 = Debug|Any CPU
		{20353611-D0ED-928A-08BF-F8FDF1D14163}.Release|Any CPU.ActiveCfg = Release|Any CPU
		{20353611-D0ED-928A-08BF-F8FDF1D14163}.Release|Any CPU.Build.0 = Release|Any CPU
		{FD0DDF47-1D46-9398-C35D-7884A423ACE0}.Debug|Any CPU.ActiveCfg = Debug|Any CPU
		{FD0DDF47-1D46-9398-C35D-7884A423ACE0}.Debug|Any CPU.Build.0 = Debug|Any CPU
		{FD0DDF47-1D46-9398-C35D-7884A423ACE0}.Release|Any CPU.ActiveCfg = Release|Any CPU
		{FD0DDF47-1D46-9398-C35D-7884A423ACE0}.Release|Any CPU.Build.0 = Release|Any CPU
		{3DDEAA72-1E6D-557D-B0E9-6316D1CE4C9B}.Debug|Any CPU.ActiveCfg = Debug|Any CPU
		{3DDEAA72-1E6D-557D-B0E9-6316D1CE4C9B}.Debug|Any CPU.Build.0 = Debug|Any CPU
		{3DDEAA72-1E6D-557D-B0E9-6316D1CE4C9B}.Release|Any CPU.ActiveCfg = Release|Any CPU
		{3DDEAA72-1E6D-557D-B0E9-6316D1CE4C9B}.Release|Any CPU.Build.0 = Release|Any CPU
		{22E51D74-8317-E093-BB98-D5D4E65F0D67}.Debug|Any CPU.ActiveCfg = Debug|Any CPU
		{22E51D74-8317-E093-BB98-D5D4E65F0D67}.Debug|Any CPU.Build.0 = Debug|Any CPU
		{22E51D74-8317-E093-BB98-D5D4E65F0D67}.Release|Any CPU.ActiveCfg = Release|Any CPU
		{22E51D74-8317-E093-BB98-D5D4E65F0D67}.Release|Any CPU.Build.0 = Release|Any CPU
		{719C6A5F-C352-754D-A581-20BB3001E735}.Debug|Any CPU.ActiveCfg = Debug|Any CPU
		{719C6A5F-C352-754D-A581-20BB3001E735}.Debug|Any CPU.Build.0 = Debug|Any CPU
		{719C6A5F-C352-754D-A581-20BB3001E735}.Release|Any CPU.ActiveCfg = Release|Any CPU
		{719C6A5F-C352-754D-A581-20BB3001E735}.Release|Any CPU.Build.0 = Release|Any CPU
		{C848E2B9-94FF-FB67-F519-CA55AEAF1CCF}.Debug|Any CPU.ActiveCfg = Debug|Any CPU
		{C848E2B9-94FF-FB67-F519-CA55AEAF1CCF}.Debug|Any CPU.Build.0 = Debug|Any CPU
		{C848E2B9-94FF-FB67-F519-CA55AEAF1CCF}.Release|Any CPU.ActiveCfg = Release|Any CPU
		{C848E2B9-94FF-FB67-F519-CA55AEAF1CCF}.Release|Any CPU.Build.0 = Release|Any CPU
		{F2D1A3F5-1E23-C5E6-BE39-38EE9E33D03C}.Debug|Any CPU.ActiveCfg = Debug|Any CPU
		{F2D1A3F5-1E23-C5E6-BE39-38EE9E33D03C}.Debug|Any CPU.Build.0 = Debug|Any CPU
		{F2D1A3F5-1E23-C5E6-BE39-38EE9E33D03C}.Release|Any CPU.ActiveCfg = Release|Any CPU
		{F2D1A3F5-1E23-C5E6-BE39-38EE9E33D03C}.Release|Any CPU.Build.0 = Release|Any CPU
		{4B48EB72-3348-A5D3-6AF7-8C0588377F59}.Debug|Any CPU.ActiveCfg = Debug|Any CPU
		{4B48EB72-3348-A5D3-6AF7-8C0588377F59}.Debug|Any CPU.Build.0 = Debug|Any CPU
		{4B48EB72-3348-A5D3-6AF7-8C0588377F59}.Release|Any CPU.ActiveCfg = Release|Any CPU
		{4B48EB72-3348-A5D3-6AF7-8C0588377F59}.Release|Any CPU.Build.0 = Release|Any CPU
		{D2EA547F-EA54-049F-B79D-B48D634DF05F}.Debug|Any CPU.ActiveCfg = Debug|Any CPU
		{D2EA547F-EA54-049F-B79D-B48D634DF05F}.Debug|Any CPU.Build.0 = Debug|Any CPU
		{D2EA547F-EA54-049F-B79D-B48D634DF05F}.Release|Any CPU.ActiveCfg = Release|Any CPU
		{D2EA547F-EA54-049F-B79D-B48D634DF05F}.Release|Any CPU.Build.0 = Release|Any CPU
		{22911620-BEC2-56D3-EAEE-F6B805BBAEBD}.Debug|Any CPU.ActiveCfg = Debug|Any CPU
		{22911620-BEC2-56D3-EAEE-F6B805BBAEBD}.Debug|Any CPU.Build.0 = Debug|Any CPU
		{22911620-BEC2-56D3-EAEE-F6B805BBAEBD}.Release|Any CPU.ActiveCfg = Release|Any CPU
		{22911620-BEC2-56D3-EAEE-F6B805BBAEBD}.Release|Any CPU.Build.0 = Release|Any CPU
		{5B327286-4F50-BBD2-CBB4-C35FB7F78A12}.Debug|Any CPU.ActiveCfg = Debug|Any CPU
		{5B327286-4F50-BBD2-CBB4-C35FB7F78A12}.Debug|Any CPU.Build.0 = Debug|Any CPU
		{5B327286-4F50-BBD2-CBB4-C35FB7F78A12}.Release|Any CPU.ActiveCfg = Release|Any CPU
		{5B327286-4F50-BBD2-CBB4-C35FB7F78A12}.Release|Any CPU.Build.0 = Release|Any CPU
		{54BD9704-7F1B-272A-6204-47E818E54106}.Debug|Any CPU.ActiveCfg = Debug|Any CPU
		{54BD9704-7F1B-272A-6204-47E818E54106}.Debug|Any CPU.Build.0 = Debug|Any CPU
		{54BD9704-7F1B-272A-6204-47E818E54106}.Release|Any CPU.ActiveCfg = Release|Any CPU
		{54BD9704-7F1B-272A-6204-47E818E54106}.Release|Any CPU.Build.0 = Release|Any CPU
		{AAF586DB-9CE5-63F8-E6DE-9A400DA3AC10}.Debug|Any CPU.ActiveCfg = Debug|Any CPU
		{AAF586DB-9CE5-63F8-E6DE-9A400DA3AC10}.Debug|Any CPU.Build.0 = Debug|Any CPU
		{AAF586DB-9CE5-63F8-E6DE-9A400DA3AC10}.Release|Any CPU.ActiveCfg = Release|Any CPU
		{AAF586DB-9CE5-63F8-E6DE-9A400DA3AC10}.Release|Any CPU.Build.0 = Release|Any CPU
		{3BE6BD7D-C329-980A-1EE1-1C4A33DE36BB}.Debug|Any CPU.ActiveCfg = Debug|Any CPU
		{3BE6BD7D-C329-980A-1EE1-1C4A33DE36BB}.Debug|Any CPU.Build.0 = Debug|Any CPU
		{3BE6BD7D-C329-980A-1EE1-1C4A33DE36BB}.Release|Any CPU.ActiveCfg = Release|Any CPU
		{3BE6BD7D-C329-980A-1EE1-1C4A33DE36BB}.Release|Any CPU.Build.0 = Release|Any CPU
	EndGlobalSection
	GlobalSection(SolutionProperties) = preSolution
		HideSolutionNode = FALSE
	EndGlobalSection
EndGlobal
